# THIS IS AN AUTOGENERATED FILE. DO NOT EDIT THIS FILE DIRECTLY.
# yarn lockfile v1


"@types/aws-lambda@^8.10.92":
  version "8.10.150"
  resolved "https://registry.yarnpkg.com/@types/aws-lambda/-/aws-lambda-8.10.150.tgz#4998b238750ec389a326a7cdb625808834036bd3"
  integrity sha512-AX+AbjH/rH5ezX1fbK8onC/a+HyQHo7QGmvoxAE42n22OsciAxvZoZNEr22tbXs8WfP1nIsBjKDpgPm3HjOZbA==
